
Microsoft Visual Studio Solution File, Format Version 12.00
# Visual Studio Version 16
VisualStudioVersion = 16.0.30204.135
MinimumVisualStudioVersion = 10.0.40219.1
Project("{FAE04EC0-301F-11D3-BF4B-00C04F79EFBC}") = "AVAS.App", "AVAS.App\AVAS.App.csproj", "{16EC2052-B8F4-4D50-87A7-62046EEEC7DD}"
EndProject
Project("{FAE04EC0-301F-11D3-BF4B-00C04F79EFBC}") = "AVAS.Core", "AVAS.Core\AVAS.Core.csproj", "{268221DC-9F16-4621-A893-BEEA2E6BDE6C}"
EndProject
Global
	GlobalSection(SolutionConfigurationPlatforms) = preSolution
		Debug|Any CPU = Debug|Any CPU
		Release|Any CPU = Release|Any CPU
	EndGlobalSection
	GlobalSection(ProjectConfigurationPlatforms) = postSolution
		{16EC2052-B8F4-4D50-87A7-62046EEEC7DD}.Debug|Any CPU.ActiveCfg = Debug|Any CPU
		{16EC2052-B8F4-4D50-87A7-62046EEEC7DD}.Debug|Any CPU.Build.0 = Debug|Any CPU
		{16EC2052-B8F4-4D50-87A7-62046EEEC7DD}.Release|Any CPU.ActiveCfg = Release|Any CPU
		{16EC2052-B8F4-4D50-87A7-62046EEEC7DD}.Release|Any CPU.Build.0 = Release|Any CPU
		{268221DC-9F16-4621-A893-BEEA2E6BDE6C}.Debug|Any CPU.ActiveCfg = Debug|Any CPU
		{268221DC-9F16-4621-A893-BEEA2E6BDE6C}.Debug|Any CPU.Build.0 = Debug|Any CPU
		{268221DC-9F16-4621-A893-BEEA2E6BDE6C}.Release|Any CPU.ActiveCfg = Release|Any CPU
		{268221DC-9F16-4621-A893-BEEA2E6BDE6C}.Release|Any CPU.Build.0 = Release|Any CPU
	EndGlobalSection
	GlobalSection(SolutionProperties) = preSolution
		HideSolutionNode = FALSE
	EndGlobalSection
	GlobalSection(ExtensibilityGlobals) = postSolution
		SolutionGuid = {85B8B143-B9F8-4FB5-8B39-170A460152F0}
	EndGlobalSection
EndGlobal
